
Microsoft Visual Studio Solution File, Format Version 12.00
# Visual Studio 15
VisualStudioVersion = 15.0.28307.902
MinimumVisualStudioVersion = 10.0.40219.1
Project("{FAE04EC0-301F-11D3-BF4B-00C04F79EFBC}") = "TimePicker _project", "TimePicker _project\TimePicker _project.csproj", "{ACF9FAED-77B3-496A-95E0-01A98001426F}"
EndProject
Global
	GlobalSection(SolutionConfigurationPlatforms) = preSolution
		Debug|Any CPU = Debug|Any CPU
		Release|Any CPU = Release|Any CPU
	EndGlobalSection
	GlobalSection(ProjectConfigurationPlatforms) = postSolution
		{ACF9FAED-77B3-496A-95E0-01A98001426F}.Debug|Any CPU.ActiveCfg = Debug|Any CPU
		{ACF9FAED-77B3-496A-95E0-01A98001426F}.Debug|Any CPU.Build.0 = Debug|Any CPU
		{ACF9FAED-77B3-496A-95E0-01A98001426F}.Release|Any CPU.ActiveCfg = Release|Any CPU
		{ACF9FAED-77B3-496A-95E0-01A98001426F}.Release|Any CPU.Build.0 = Release|Any CPU
	EndGlobalSection
	GlobalSection(SolutionProperties) = preSolution
		HideSolutionNode = FALSE
	EndGlobalSection
	GlobalSection(ExtensibilityGlobals) = postSolution
		SolutionGuid = {81F2F4A0-5906-49D4-BDD0-C2A69DFF226D}
	EndGlobalSection
EndGlobal
